{
    "_meta": {
        "hash": {
            "sha256": "7702b4c34fe52a2ed7df268126577dc786629c461c7af9f6ae39a3aeef64df69"
        },
        "requires": {
            "python_version": "3.6"
        },
        "sources": [
            {
                "url": "https://pypi.python.org/simple",
                "verify_ssl": true
            }
        ]
    },
    "default": {
        "click": {
            "version": "==6.7"
        },
        "flask": {
            "version": "==0.12.2"
        },
        "gunicorn": {
            "version": "==19.7.1"
        },
        "itsdangerous": {
            "version": "==0.24"
        },
        "jinja2": {
            "version": "==2.9.6"
        },
        "markupsafe": {
            "version": "==1.0"
        },
        "werkzeug": {
            "version": "==0.12.2"
        }
    },
    "develop": {
        "py": {
            "version": "==1.4.34"
        },
        "pytest": {
            "version": "==3.1.2"
        },
        "pytest-describe": {
            "version": "==0.11.0"
        },
        "setuptools": {
            "version": "==36.0.1"
        }
    }
}
